
Microsoft Visual Studio Solution File, Format Version 12.00
# Visual Studio Version 17
VisualStudioVersion = 17.11.35222.181
MinimumVisualStudioVersion = 10.0.40219.1
Project("{FAE04EC0-301F-11D3-BF4B-00C04F79EFBC}") = "PatikaBackendExample", "PatikaBackendExample\PatikaBackendExample.csproj", "{873BCAD3-C82D-41BA-B6CD-06BFB09FAA20}"
EndProject
Project("{FAE04EC0-301F-11D3-BF4B-00C04F79EFBC}") = "IsThatPalindrome", "IsThatPalindrome\IsThatPalindrome.csproj", "{EF3168D2-7A36-446D-BCA2-C2CCAA6F8836}"
EndProject
Project("{FAE04EC0-301F-11D3-BF4B-00C04F79EFBC}") = "WordCount", "WordCount\WordCount.csproj", "{AE89A532-3546-4055-863C-B610B6C12813}"
EndProject
Project("{FAE04EC0-301F-11D3-BF4B-00C04F79EFBC}") = "ToUpperFirstLetter", "ToUpperFirstLetter\ToUpperFirstLetter.csproj", "{EE8E26B1-06C5-4DA1-A7B6-E956DB7FF4C5}"
EndProject
Project("{FAE04EC0-301F-11D3-BF4B-00C04F79EFBC}") = "NumberOfDigits", "NumberOfDigits\NumberOfDigits.csproj", "{907AF153-4997-4AC3-9ED1-C91DD8719CE3}"
EndProject
Project("{FAE04EC0-301F-11D3-BF4B-00C04F79EFBC}") = "FibonacciSequence", "FibonacciSequence\FibonacciSequence.csproj", "{3BC9AE3A-62A5-4D29-8C29-2D15C7416BDB}"
EndProject
Global
	GlobalSection(SolutionConfigurationPlatforms) = preSolution
		Debug|Any CPU = Debug|Any CPU
		Release|Any CPU = Release|Any CPU
	EndGlobalSection
	GlobalSection(ProjectConfigurationPlatforms) = postSolution
		{873BCAD3-C82D-41BA-B6CD-06BFB09FAA20}.Debug|Any CPU.ActiveCfg = Debug|Any CPU
		{873BCAD3-C82D-41BA-B6CD-06BFB09FAA20}.Debug|Any CPU.Build.0 = Debug|Any CPU
		{873BCAD3-C82D-41BA-B6CD-06BFB09FAA20}.Release|Any CPU.ActiveCfg = Release|Any CPU
		{873BCAD3-C82D-41BA-B6CD-06BFB09FAA20}.Release|Any CPU.Build.0 = Release|Any CPU
		{EF3168D2-7A36-446D-BCA2-C2CCAA6F8836}.Debug|Any CPU.ActiveCfg = Debug|Any CPU
		{EF3168D2-7A36-446D-BCA2-C2CCAA6F8836}.Debug|Any CPU.Build.0 = Debug|Any CPU
		{EF3168D2-7A36-446D-BCA2-C2CCAA6F8836}.Release|Any CPU.ActiveCfg = Release|Any CPU
		{EF3168D2-7A36-446D-BCA2-C2CCAA6F8836}.Release|Any CPU.Build.0 = Release|Any CPU
		{AE89A532-3546-4055-863C-B610B6C12813}.Debug|Any CPU.ActiveCfg = Debug|Any CPU
		{AE89A532-3546-4055-863C-B610B6C12813}.Debug|Any CPU.Build.0 = Debug|Any CPU
		{AE89A532-3546-4055-863C-B610B6C12813}.Release|Any CPU.ActiveCfg = Release|Any CPU
		{AE89A532-3546-4055-863C-B610B6C12813}.Release|Any CPU.Build.0 = Release|Any CPU
		{EE8E26B1-06C5-4DA1-A7B6-E956DB7FF4C5}.Debug|Any CPU.ActiveCfg = Debug|Any CPU
		{EE8E26B1-06C5-4DA1-A7B6-E956DB7FF4C5}.Debug|Any CPU.Build.0 = Debug|Any CPU
		{EE8E26B1-06C5-4DA1-A7B6-E956DB7FF4C5}.Release|Any CPU.ActiveCfg = Release|Any CPU
		{EE8E26B1-06C5-4DA1-A7B6-E956DB7FF4C5}.Release|Any CPU.Build.0 = Release|Any CPU
		{907AF153-4997-4AC3-9ED1-C91DD8719CE3}.Debug|Any CPU.ActiveCfg = Debug|Any CPU
		{907AF153-4997-4AC3-9ED1-C91DD8719CE3}.Debug|Any CPU.Build.0 = Debug|Any CPU
		{907AF153-4997-4AC3-9ED1-C91DD8719CE3}.Release|Any CPU.ActiveCfg = Release|Any CPU
		{907AF153-4997-4AC3-9ED1-C91DD8719CE3}.Release|Any CPU.Build.0 = Release|Any CPU
		{3BC9AE3A-62A5-4D29-8C29-2D15C7416BDB}.Debug|Any CPU.ActiveCfg = Debug|Any CPU
		{3BC9AE3A-62A5-4D29-8C29-2D15C7416BDB}.Debug|Any CPU.Build.0 = Debug|Any CPU
		{3BC9AE3A-62A5-4D29-8C29-2D15C7416BDB}.Release|Any CPU.ActiveCfg = Release|Any CPU
		{3BC9AE3A-62A5-4D29-8C29-2D15C7416BDB}.Release|Any CPU.Build.0 = Release|Any CPU
	EndGlobalSection
	GlobalSection(SolutionProperties) = preSolution
		HideSolutionNode = FALSE
	EndGlobalSection
	GlobalSection(ExtensibilityGlobals) = postSolution
		SolutionGuid = {95940A4E-EFE7-439D-89E9-F85D1306C8E0}
	EndGlobalSection
EndGlobal
